
Microsoft Visual Studio Solution File, Format Version 12.00
# Visual Studio Version 17
VisualStudioVersion = 17.10.35013.160
MinimumVisualStudioVersion = 10.0.40219.1
Project("{FAE04EC0-301F-11D3-BF4B-00C04F79EFBC}") = "MVCdapperWithGenericRepoAndDI", "MVCdapperWithGenericRepoAndDI.csproj", "{93FFC928-2551-4693-8211-EC434A3B8D1D}"
EndProject
Global
	GlobalSection(SolutionConfigurationPlatforms) = preSolution
		Debug|Any CPU = Debug|Any CPU
		Release|Any CPU = Release|Any CPU
	EndGlobalSection
	GlobalSection(ProjectConfigurationPlatforms) = postSolution
		{93FFC928-2551-4693-8211-EC434A3B8D1D}.Debug|Any CPU.ActiveCfg = Debug|Any CPU
		{93FFC928-2551-4693-8211-EC434A3B8D1D}.Debug|Any CPU.Build.0 = Debug|Any CPU
		{93FFC928-2551-4693-8211-EC434A3B8D1D}.Release|Any CPU.ActiveCfg = Release|Any CPU
		{93FFC928-2551-4693-8211-EC434A3B8D1D}.Release|Any CPU.Build.0 = Release|Any CPU
	EndGlobalSection
	GlobalSection(SolutionProperties) = preSolution
		HideSolutionNode = FALSE
	EndGlobalSection
	GlobalSection(ExtensibilityGlobals) = postSolution
		SolutionGuid = {8D13D61C-F69F-4C2D-A1FE-105E51038C21}
	EndGlobalSection
EndGlobal
