
Microsoft Visual Studio Solution File, Format Version 12.00
# Visual Studio Version 17
VisualStudioVersion = 17.11.35208.52
MinimumVisualStudioVersion = 10.0.40219.1
Project("{FAE04EC0-301F-11D3-BF4B-00C04F79EFBC}") = "Core", "Core\Core.csproj", "{FBCE95A3-638B-4801-93A8-76760E350B60}"
EndProject
Project("{FAE04EC0-301F-11D3-BF4B-00C04F79EFBC}") = "Application", "Application\Application.csproj", "{A68B923F-284D-4097-929A-245AC8938126}"
EndProject
Project("{FAE04EC0-301F-11D3-BF4B-00C04F79EFBC}") = "Infrastructure", "Infrastructure\Infrastructure.csproj", "{C9835BBF-B666-41A2-8F2D-7B8086B5F4C2}"
EndProject
Project("{FAE04EC0-301F-11D3-BF4B-00C04F79EFBC}") = "Web", "Web\Web.csproj", "{AB06F75E-28D0-4528-8E6A-8D84C8612C90}"
EndProject
Global
	GlobalSection(SolutionConfigurationPlatforms) = preSolution
		Debug|Any CPU = Debug|Any CPU
		Release|Any CPU = Release|Any CPU
	EndGlobalSection
	GlobalSection(ProjectConfigurationPlatforms) = postSolution
		{FBCE95A3-638B-4801-93A8-76760E350B60}.Debug|Any CPU.ActiveCfg = Debug|Any CPU
		{FBCE95A3-638B-4801-93A8-76760E350B60}.Debug|Any CPU.Build.0 = Debug|Any CPU
		{FBCE95A3-638B-4801-93A8-76760E350B60}.Release|Any CPU.ActiveCfg = Release|Any CPU
		{FBCE95A3-638B-4801-93A8-76760E350B60}.Release|Any CPU.Build.0 = Release|Any CPU
		{A68B923F-284D-4097-929A-245AC8938126}.Debug|Any CPU.ActiveCfg = Debug|Any CPU
		{A68B923F-284D-4097-929A-245AC8938126}.Debug|Any CPU.Build.0 = Debug|Any CPU
		{A68B923F-284D-4097-929A-245AC8938126}.Release|Any CPU.ActiveCfg = Release|Any CPU
		{A68B923F-284D-4097-929A-245AC8938126}.Release|Any CPU.Build.0 = Release|Any CPU
		{C9835BBF-B666-41A2-8F2D-7B8086B5F4C2}.Debug|Any CPU.ActiveCfg = Debug|Any CPU
		{C9835BBF-B666-41A2-8F2D-7B8086B5F4C2}.Debug|Any CPU.Build.0 = Debug|Any CPU
		{C9835BBF-B666-41A2-8F2D-7B8086B5F4C2}.Release|Any CPU.ActiveCfg = Release|Any CPU
		{C9835BBF-B666-41A2-8F2D-7B8086B5F4C2}.Release|Any CPU.Build.0 = Release|Any CPU
		{AB06F75E-28D0-4528-8E6A-8D84C8612C90}.Debug|Any CPU.ActiveCfg = Debug|Any CPU
		{AB06F75E-28D0-4528-8E6A-8D84C8612C90}.Debug|Any CPU.Build.0 = Debug|Any CPU
		{AB06F75E-28D0-4528-8E6A-8D84C8612C90}.Release|Any CPU.ActiveCfg = Release|Any CPU
		{AB06F75E-28D0-4528-8E6A-8D84C8612C90}.Release|Any CPU.Build.0 = Release|Any CPU
	EndGlobalSection
	GlobalSection(SolutionProperties) = preSolution
		HideSolutionNode = FALSE
	EndGlobalSection
	GlobalSection(ExtensibilityGlobals) = postSolution
		SolutionGuid = {D1012A54-D560-4E48-9DBD-2CD209D4F02B}
	EndGlobalSection
EndGlobal
